PODS:
  - Flutter (1.0.0)
  - integration_test (0.0.1):
    - Flutter
  - stacker_inspector (0.1.0):
    - Flutter

DEPENDENCIES:
  - Flutter (from `Flutter`)
  - integration_test (from `.symlinks/plugins/integration_test/ios`)
  - stacker_inspector (from `.symlinks/plugins/stacker_inspector/ios`)

EXTERNAL SOURCES:
  Flutter:
    :path: Flutter
  integration_test:
    :path: ".symlinks/plugins/integration_test/ios"
  stacker_inspector:
    :path: ".symlinks/plugins/stacker_inspector/ios"

SPEC CHECKSUMS:
  Flutter: cabc95a1d2626b1b06e7179b784ebcf0c0cde467
  integration_test: 4a889634ef21a45d28d50d622cf412dc6d9f586e
  stacker_inspector: 3e2a89681c8eae76032fa8574e626674b31ec898

PODFILE CHECKSUM: 3c63482e143d1b91d2d2560aee9fb04ecc74ac7e

COCOAPODS: 1.16.2
